
Microsoft Visual Studio Solution File, Format Version 12.00
# Visual Studio Version 16
VisualStudioVersion = 16.0.34114.132
MinimumVisualStudioVersion = 10.0.40219.1
Project("{F184B08F-C81C-45F6-A57F-5ABD9991F28F}") = "WebApplication", "WebApplication\WebApplication.vbproj", "{20006CA0-6141-4457-A5E1-873B70229E57}"
EndProject
Global
	GlobalSection(SolutionConfigurationPlatforms) = preSolution
		Debug|Any CPU = Debug|Any CPU
		Release|Any CPU = Release|Any CPU
	EndGlobalSection
	GlobalSection(ProjectConfigurationPlatforms) = postSolution
		{20006CA0-6141-4457-A5E1-873B70229E57}.Debug|Any CPU.ActiveCfg = Debug|Any CPU
		{20006CA0-6141-4457-A5E1-873B70229E57}.Debug|Any CPU.Build.0 = Debug|Any CPU
		{20006CA0-6141-4457-A5E1-873B70229E57}.Release|Any CPU.ActiveCfg = Release|Any CPU
		{20006CA0-6141-4457-A5E1-873B70229E57}.Release|Any CPU.Build.0 = Release|Any CPU
	EndGlobalSection
	GlobalSection(SolutionProperties) = preSolution
		HideSolutionNode = FALSE
	EndGlobalSection
	GlobalSection(ExtensibilityGlobals) = postSolution
		SolutionGuid = {C5A40CF6-DAD0-4CDA-82A4-EA208F2CA078}
	EndGlobalSection
EndGlobal
